
Microsoft Visual Studio Solution File, Format Version 12.00
# Visual Studio 15
Project("{FAE04EC0-301F-11D3-BF4B-00C04F79EFBC}") = "Ink-Libraries", "Ink-Libraries.csproj", "{DAF48421-40F5-6B8A-AF8A-DBEB99968B7C}"
EndProject
Project("{FAE04EC0-301F-11D3-BF4B-00C04F79EFBC}") = "AstarPathfindingProject", "AstarPathfindingProject.csproj", "{BDCC8B57-104E-22BC-76C5-86AA28FA91AD}"
EndProject
Project("{FAE04EC0-301F-11D3-BF4B-00C04F79EFBC}") = "Assembly-CSharp", "Assembly-CSharp.csproj", "{CDDB5D9D-052C-27DE-B2C3-B91F8A4372A8}"
EndProject
Project("{FAE04EC0-301F-11D3-BF4B-00C04F79EFBC}") = "AstarPathfindingProjectEditor", "AstarPathfindingProjectEditor.csproj", "{7415AE8F-99D4-8096-0185-95603AACDC3F}"
EndProject
Project("{FAE04EC0-301F-11D3-BF4B-00C04F79EFBC}") = "PackageToolsEditor", "PackageToolsEditor.csproj", "{093CC52F-325C-112B-4E8E-70693F651225}"
EndProject
Project("{FAE04EC0-301F-11D3-BF4B-00C04F79EFBC}") = "InkEditor", "InkEditor.csproj", "{F5797190-92FC-F1BD-2C82-725D93B8E2DC}"
EndProject
Project("{FAE04EC0-301F-11D3-BF4B-00C04F79EFBC}") = "Assembly-CSharp-Editor", "Assembly-CSharp-Editor.csproj", "{07DC1799-F201-D78E-77C0-D460047371DF}"
EndProject
Global
	GlobalSection(SolutionConfigurationPlatforms) = preSolution
		Debug|Any CPU = Debug|Any CPU
		Release|Any CPU = Release|Any CPU
	EndGlobalSection
	GlobalSection(ProjectConfigurationPlatforms) = postSolution
		{DAF48421-40F5-6B8A-AF8A-DBEB99968B7C}.Debug|Any CPU.ActiveCfg = Debug|Any CPU
		{DAF48421-40F5-6B8A-AF8A-DBEB99968B7C}.Debug|Any CPU.Build.0 = Debug|Any CPU
		{DAF48421-40F5-6B8A-AF8A-DBEB99968B7C}.Release|Any CPU.ActiveCfg = Release|Any CPU
		{DAF48421-40F5-6B8A-AF8A-DBEB99968B7C}.Release|Any CPU.Build.0 = Release|Any CPU
		{BDCC8B57-104E-22BC-76C5-86AA28FA91AD}.Debug|Any CPU.ActiveCfg = Debug|Any CPU
		{BDCC8B57-104E-22BC-76C5-86AA28FA91AD}.Debug|Any CPU.Build.0 = Debug|Any CPU
		{BDCC8B57-104E-22BC-76C5-86AA28FA91AD}.Release|Any CPU.ActiveCfg = Release|Any CPU
		{BDCC8B57-104E-22BC-76C5-86AA28FA91AD}.Release|Any CPU.Build.0 = Release|Any CPU
		{CDDB5D9D-052C-27DE-B2C3-B91F8A4372A8}.Debug|Any CPU.ActiveCfg = Debug|Any CPU
		{CDDB5D9D-052C-27DE-B2C3-B91F8A4372A8}.Debug|Any CPU.Build.0 = Debug|Any CPU
		{CDDB5D9D-052C-27DE-B2C3-B91F8A4372A8}.Release|Any CPU.ActiveCfg = Release|Any CPU
		{CDDB5D9D-052C-27DE-B2C3-B91F8A4372A8}.Release|Any CPU.Build.0 = Release|Any CPU
		{7415AE8F-99D4-8096-0185-95603AACDC3F}.Debug|Any CPU.ActiveCfg = Debug|Any CPU
		{7415AE8F-99D4-8096-0185-95603AACDC3F}.Debug|Any CPU.Build.0 = Debug|Any CPU
		{7415AE8F-99D4-8096-0185-95603AACDC3F}.Release|Any CPU.ActiveCfg = Release|Any CPU
		{7415AE8F-99D4-8096-0185-95603AACDC3F}.Release|Any CPU.Build.0 = Release|Any CPU
		{093CC52F-325C-112B-4E8E-70693F651225}.Debug|Any CPU.ActiveCfg = Debug|Any CPU
		{093CC52F-325C-112B-4E8E-70693F651225}.Debug|Any CPU.Build.0 = Debug|Any CPU
		{093CC52F-325C-112B-4E8E-70693F651225}.Release|Any CPU.ActiveCfg = Release|Any CPU
		{093CC52F-325C-112B-4E8E-70693F651225}.Release|Any CPU.Build.0 = Release|Any CPU
		{F5797190-92FC-F1BD-2C82-725D93B8E2DC}.Debug|Any CPU.ActiveCfg = Debug|Any CPU
		{F5797190-92FC-F1BD-2C82-725D93B8E2DC}.Debug|Any CPU.Build.0 = Debug|Any CPU
		{F5797190-92FC-F1BD-2C82-725D93B8E2DC}.Release|Any CPU.ActiveCfg = Release|Any CPU
		{F5797190-92FC-F1BD-2C82-725D93B8E2DC}.Release|Any CPU.Build.0 = Release|Any CPU
		{07DC1799-F201-D78E-77C0-D460047371DF}.Debug|Any CPU.ActiveCfg = Debug|Any CPU
		{07DC1799-F201-D78E-77C0-D460047371DF}.Debug|Any CPU.Build.0 = Debug|Any CPU
		{07DC1799-F201-D78E-77C0-D460047371DF}.Release|Any CPU.ActiveCfg = Release|Any CPU
		{07DC1799-F201-D78E-77C0-D460047371DF}.Release|Any CPU.Build.0 = Release|Any CPU
	EndGlobalSection
	GlobalSection(SolutionProperties) = preSolution
		HideSolutionNode = FALSE
	EndGlobalSection
EndGlobal
